
Microsoft Visual Studio Solution File, Format Version 12.00
# Visual Studio 15
VisualStudioVersion = 15.0.27130.2036
MinimumVisualStudioVersion = 10.0.40219.1
Project("{FAE04EC0-301F-11D3-BF4B-00C04F79EFBC}") = "WindowsFormsApp3", "WindowsFormsApp3\WindowsFormsApp3.csproj", "{26800013-A2BD-49E7-A3B4-805EF43AB1DC}"
EndProject
Global
	GlobalSection(SolutionConfigurationPlatforms) = preSolution
		Debug|Any CPU = Debug|Any CPU
		Release|Any CPU = Release|Any CPU
	EndGlobalSection
	GlobalSection(ProjectConfigurationPlatforms) = postSolution
		{26800013-A2BD-49E7-A3B4-805EF43AB1DC}.Debug|Any CPU.ActiveCfg = Debug|Any CPU
		{26800013-A2BD-49E7-A3B4-805EF43AB1DC}.Debug|Any CPU.Build.0 = Debug|Any CPU
		{26800013-A2BD-49E7-A3B4-805EF43AB1DC}.Release|Any CPU.ActiveCfg = Release|Any CPU
		{26800013-A2BD-49E7-A3B4-805EF43AB1DC}.Release|Any CPU.Build.0 = Release|Any CPU
	EndGlobalSection
	GlobalSection(SolutionProperties) = preSolution
		HideSolutionNode = FALSE
	EndGlobalSection
	GlobalSection(ExtensibilityGlobals) = postSolution
		SolutionGuid = {AF29B218-C9B2-46C9-AE04-979C2D75C1B1}
	EndGlobalSection
EndGlobal
